
Microsoft Visual Studio Solution File, Format Version 12.00
# Visual Studio Version 17
VisualStudioVersion = 17.10.35013.160
MinimumVisualStudioVersion = 10.0.40219.1
Project("{FAE04EC0-301F-11D3-BF4B-00C04F79EFBC}") = "Game", "Game.csproj", "{0C5EA28C-05A7-4D24-A54B-06F4937F241C}"
EndProject
Global
	GlobalSection(SolutionConfigurationPlatforms) = preSolution
		Debug|Any CPU = Debug|Any CPU
		Release|Any CPU = Release|Any CPU
	EndGlobalSection
	GlobalSection(ProjectConfigurationPlatforms) = postSolution
		{0C5EA28C-05A7-4D24-A54B-06F4937F241C}.Debug|Any CPU.ActiveCfg = Debug|Any CPU
		{0C5EA28C-05A7-4D24-A54B-06F4937F241C}.Debug|Any CPU.Build.0 = Debug|Any CPU
		{0C5EA28C-05A7-4D24-A54B-06F4937F241C}.Release|Any CPU.ActiveCfg = Release|Any CPU
		{0C5EA28C-05A7-4D24-A54B-06F4937F241C}.Release|Any CPU.Build.0 = Release|Any CPU
	EndGlobalSection
	GlobalSection(SolutionProperties) = preSolution
		HideSolutionNode = FALSE
	EndGlobalSection
	GlobalSection(ExtensibilityGlobals) = postSolution
		SolutionGuid = {902B5846-A082-423E-B788-B626C5C8A8A4}
	EndGlobalSection
EndGlobal
